
Microsoft Visual Studio Solution File, Format Version 12.00
# Visual Studio Version 17
VisualStudioVersion = 17.6.33829.357
MinimumVisualStudioVersion = 10.0.40219.1
Project("{FAE04EC0-301F-11D3-BF4B-00C04F79EFBC}") = "PlanningPoker", "PlanningPoker\PlanningPoker.csproj", "{EB19A3B6-1BD9-4482-943F-81FC09DED5B5}"
EndProject
Global
	GlobalSection(SolutionConfigurationPlatforms) = preSolution
		Debug|Any CPU = Debug|Any CPU
		Release|Any CPU = Release|Any CPU
	EndGlobalSection
	GlobalSection(ProjectConfigurationPlatforms) = postSolution
		{EB19A3B6-1BD9-4482-943F-81FC09DED5B5}.Debug|Any CPU.ActiveCfg = Debug|Any CPU
		{EB19A3B6-1BD9-4482-943F-81FC09DED5B5}.Debug|Any CPU.Build.0 = Debug|Any CPU
		{EB19A3B6-1BD9-4482-943F-81FC09DED5B5}.Release|Any CPU.ActiveCfg = Release|Any CPU
		{EB19A3B6-1BD9-4482-943F-81FC09DED5B5}.Release|Any CPU.Build.0 = Release|Any CPU
	EndGlobalSection
	GlobalSection(SolutionProperties) = preSolution
		HideSolutionNode = FALSE
	EndGlobalSection
	GlobalSection(ExtensibilityGlobals) = postSolution
		SolutionGuid = {FB766050-3896-4D9C-8255-B92E5FA23B20}
	EndGlobalSection
EndGlobal
